
Microsoft Visual Studio Solution File, Format Version 12.00
# Visual Studio Version 16
VisualStudioVersion = 16.0.29209.62
MinimumVisualStudioVersion = 10.0.40219.1
Project("{FAE04EC0-301F-11D3-BF4B-00C04F79EFBC}") = "ArgumentsOnMethod__CS", "ArgumentsOnMethod__CS.csproj", "{4780445F-AFDA-40EE-97CE-B4A453429955}"
EndProject
Global
	GlobalSection(SolutionConfigurationPlatforms) = preSolution
		Debug|Any CPU = Debug|Any CPU
		Release|Any CPU = Release|Any CPU
	EndGlobalSection
	GlobalSection(ProjectConfigurationPlatforms) = postSolution
		{4780445F-AFDA-40EE-97CE-B4A453429955}.Debug|Any CPU.ActiveCfg = Debug|Any CPU
		{4780445F-AFDA-40EE-97CE-B4A453429955}.Debug|Any CPU.Build.0 = Debug|Any CPU
		{4780445F-AFDA-40EE-97CE-B4A453429955}.Release|Any CPU.ActiveCfg = Release|Any CPU
		{4780445F-AFDA-40EE-97CE-B4A453429955}.Release|Any CPU.Build.0 = Release|Any CPU
	EndGlobalSection
	GlobalSection(SolutionProperties) = preSolution
		HideSolutionNode = FALSE
	EndGlobalSection
	GlobalSection(ExtensibilityGlobals) = postSolution
		SolutionGuid = {8EAE2979-62F0-4326-898F-400759E20FF2}
	EndGlobalSection
EndGlobal
